
Microsoft Visual Studio Solution File, Format Version 12.00
# Visual Studio Version 16
VisualStudioVersion = 16.0.31702.278
MinimumVisualStudioVersion = 10.0.40219.1
Project("{FAE04EC0-301F-11D3-BF4B-00C04F79EFBC}") = "SupervisorNotifications", "SupervisorNotifications\SupervisorNotifications.csproj", "{CBEFDB43-D5EC-4495-94B5-4DB1DFA7F48C}"
EndProject
Global
	GlobalSection(SolutionConfigurationPlatforms) = preSolution
		Debug|Any CPU = Debug|Any CPU
		Release|Any CPU = Release|Any CPU
	EndGlobalSection
	GlobalSection(ProjectConfigurationPlatforms) = postSolution
		{CBEFDB43-D5EC-4495-94B5-4DB1DFA7F48C}.Debug|Any CPU.ActiveCfg = Debug|Any CPU
		{CBEFDB43-D5EC-4495-94B5-4DB1DFA7F48C}.Debug|Any CPU.Build.0 = Debug|Any CPU
		{CBEFDB43-D5EC-4495-94B5-4DB1DFA7F48C}.Release|Any CPU.ActiveCfg = Release|Any CPU
		{CBEFDB43-D5EC-4495-94B5-4DB1DFA7F48C}.Release|Any CPU.Build.0 = Release|Any CPU
	EndGlobalSection
	GlobalSection(SolutionProperties) = preSolution
		HideSolutionNode = FALSE
	EndGlobalSection
	GlobalSection(ExtensibilityGlobals) = postSolution
		SolutionGuid = {6D3C9232-6918-4B74-BD90-11CD9DBBA3FC}
	EndGlobalSection
EndGlobal
